
Microsoft Visual Studio Solution File, Format Version 12.00
# Visual Studio Version 17
VisualStudioVersion = 17.13.35818.85 d17.13
MinimumVisualStudioVersion = 10.0.40219.1
Project("{00D1A9C2-B5F0-4AF3-8072-F6C62B433612}") = "turybusDW", "turybusDW.sqlproj", "{6705DA2D-2190-4B24-B058-F2C3D4E44ACD}"
EndProject
Global
	GlobalSection(SolutionConfigurationPlatforms) = preSolution
		Debug|Any CPU = Debug|Any CPU
		Release|Any CPU = Release|Any CPU
	EndGlobalSection
	GlobalSection(ProjectConfigurationPlatforms) = postSolution
		{6705DA2D-2190-4B24-B058-F2C3D4E44ACD}.Debug|Any CPU.ActiveCfg = Debug|Any CPU
		{6705DA2D-2190-4B24-B058-F2C3D4E44ACD}.Debug|Any CPU.Build.0 = Debug|Any CPU
		{6705DA2D-2190-4B24-B058-F2C3D4E44ACD}.Debug|Any CPU.Deploy.0 = Debug|Any CPU
		{6705DA2D-2190-4B24-B058-F2C3D4E44ACD}.Release|Any CPU.ActiveCfg = Release|Any CPU
		{6705DA2D-2190-4B24-B058-F2C3D4E44ACD}.Release|Any CPU.Build.0 = Release|Any CPU
		{6705DA2D-2190-4B24-B058-F2C3D4E44ACD}.Release|Any CPU.Deploy.0 = Release|Any CPU
	EndGlobalSection
	GlobalSection(SolutionProperties) = preSolution
		HideSolutionNode = FALSE
	EndGlobalSection
	GlobalSection(ExtensibilityGlobals) = postSolution
		SolutionGuid = {59B198BC-6245-4D64-A3FD-CE9EFE854851}
	EndGlobalSection
EndGlobal
