
Microsoft Visual Studio Solution File, Format Version 12.00
# Visual Studio Version 17
VisualStudioVersion = 17.13.35818.85 d17.13
MinimumVisualStudioVersion = 10.0.40219.1
Project("{C9674DCB-5085-4A16-B785-4C70DD1589BD}") = "turybusETL", "turybusETL.dtproj", "{48A5035F-1C1E-CE9B-72E8-E5DABCD5623B}"
EndProject
Global
	GlobalSection(SolutionConfigurationPlatforms) = preSolution
		Azure|Default = Azure|Default
		Development|Default = Development|Default
	EndGlobalSection
	GlobalSection(ProjectConfigurationPlatforms) = postSolution
		{48A5035F-1C1E-CE9B-72E8-E5DABCD5623B}.Azure|Default.ActiveCfg = Azure
		{48A5035F-1C1E-CE9B-72E8-E5DABCD5623B}.Azure|Default.Build.0 = Azure
		{48A5035F-1C1E-CE9B-72E8-E5DABCD5623B}.Development|Default.ActiveCfg = Development
		{48A5035F-1C1E-CE9B-72E8-E5DABCD5623B}.Development|Default.Build.0 = Development
	EndGlobalSection
	GlobalSection(SolutionProperties) = preSolution
		HideSolutionNode = FALSE
	EndGlobalSection
	GlobalSection(ExtensibilityGlobals) = postSolution
		SolutionGuid = {EEEC9741-A878-474A-AFF7-A71B6710DB8C}
	EndGlobalSection
EndGlobal
